// !$*UTF8*$!
{
	archiveVersion = 1;
	classes = {
	};
	objectVersion = 56;
	objects = {

/* Begin PBXBuildFile section */
		5B16B24A2C05942500132E42 /* SFL3App.swift in Sources */ = {isa = PBXBuildFile; fileRef = 5B16B2492C05942500132E42 /* SFL3App.swift */; };
		5B16B24C2C05942500132E42 /* ContentView.swift in Sources */ = {isa = PBXBuildFile; fileRef = 5B16B24B2C05942500132E42 /* ContentView.swift */; };
		5B16B24E2C05942600132E42 /* Assets.xcassets in Resources */ = {isa = PBXBuildFile; fileRef = 5B16B24D2C05942600132E42 /* Assets.xcassets */; };
		5B16B2512C05942600132E42 /* Preview Assets.xcassets in Resources */ = {isa = PBXBuildFile; fileRef = 5B16B2502C05942600132E42 /* Preview Assets.xcassets */; };
		5B16B2532C05942600132E42 /* Persistence.swift in Sources */ = {isa = PBXBuildFile; fileRef = 5B16B2522C05942600132E42 /* Persistence.swift */; };
		5B16B2562C05942600132E42 /* SFL3.xcdatamodeld in Sources */ = {isa = PBXBuildFile; fileRef = 5B16B2542C05942600132E42 /* SFL3.xcdatamodeld */; };
		5B16B25E2C059DF800132E42 /* com.apple.dt.xcode.sfl3 in Resources */ = {isa = PBXBuildFile; fileRef = 5B16B25D2C059DF800132E42 /* com.apple.dt.xcode.sfl3 */; };
		5B296AE52C08401E009FDCE8 /* FilePathsViewModel.swift in Sources */ = {isa = PBXBuildFile; fileRef = 5B296AE42C08401E009FDCE8 /* FilePathsViewModel.swift */; };
		5B296AE72C08412B009FDCE8 /* Tool.swift in Sources */ = {isa = PBXBuildFile; fileRef = 5B296AE62C08412B009FDCE8 /* Tool.swift */; };
		5BAAF4FA2C078299008D5017 /* FileWatcher.swift in Sources */ = {isa = PBXBuildFile; fileRef = 5BAAF4F92C078299008D5017 /* FileWatcher.swift */; };
/* End PBXBuildFile section */

/* Begin PBXFileReference section */
		5B16B2462C05942500132E42 /* SFL3.app */ = {isa = PBXFileReference; explicitFileType = wrapper.application; includeInIndex = 0; path = SFL3.app; sourceTree = BUILT_PRODUCTS_DIR; };
		5B16B2492C05942500132E42 /* SFL3App.swift */ = {isa = PBXFileReference; lastKnownFileType = sourcecode.swift; path = SFL3App.swift; sourceTree = "<group>"; };
		5B16B24B2C05942500132E42 /* ContentView.swift */ = {isa = PBXFileReference; lastKnownFileType = sourcecode.swift; path = ContentView.swift; sourceTree = "<group>"; };
		5B16B24D2C05942600132E42 /* Assets.xcassets */ = {isa = PBXFileReference; lastKnownFileType = folder.assetcatalog; path = Assets.xcassets; sourceTree = "<group>"; };
		5B16B2502C05942600132E42 /* Preview Assets.xcassets */ = {isa = PBXFileReference; lastKnownFileType = folder.assetcatalog; path = "Preview Assets.xcassets"; sourceTree = "<group>"; };
		5B16B2522C05942600132E42 /* Persistence.swift */ = {isa = PBXFileReference; lastKnownFileType = sourcecode.swift; path = Persistence.swift; sourceTree = "<group>"; };
		5B16B2552C05942600132E42 /* SFL3.xcdatamodel */ = {isa = PBXFileReference; lastKnownFileType = wrapper.xcdatamodel; path = SFL3.xcdatamodel; sourceTree = "<group>"; };
		5B16B2572C05942600132E42 /* SFL3.entitlements */ = {isa = PBXFileReference; lastKnownFileType = text.plist.entitlements; path = SFL3.entitlements; sourceTree = "<group>"; };
		5B16B25D2C059DF800132E42 /* com.apple.dt.xcode.sfl3 */ = {isa = PBXFileReference; lastKnownFileType = file.bplist; path = com.apple.dt.xcode.sfl3; sourceTree = "<group>"; };
		5B296AE42C08401E009FDCE8 /* FilePathsViewModel.swift */ = {isa = PBXFileReference; lastKnownFileType = sourcecode.swift; path = FilePathsViewModel.swift; sourceTree = "<group>"; };
		5B296AE62C08412B009FDCE8 /* Tool.swift */ = {isa = PBXFileReference; lastKnownFileType = sourcecode.swift; path = Tool.swift; sourceTree = "<group>"; };
		5BAAF4F92C078299008D5017 /* FileWatcher.swift */ = {isa = PBXFileReference; lastKnownFileType = sourcecode.swift; path = FileWatcher.swift; sourceTree = "<group>"; };
/* End PBXFileReference section */

/* Begin PBXFrameworksBuildPhase section */
		5B16B2432C05942500132E42 /* Frameworks */ = {
			isa = PBXFrameworksBuildPhase;
			buildActionMask = 2147483647;
			files = (
			);
			runOnlyForDeploymentPostprocessing = 0;
		};
/* End PBXFrameworksBuildPhase section */

/* Begin PBXGroup section */
		5B16B23D2C05942500132E42 = {
			isa = PBXGroup;
			children = (
				5B16B2482C05942500132E42 /* SFL3 */,
				5B16B2472C05942500132E42 /* Products */,
			);
			sourceTree = "<group>";
		};
		5B16B2472C05942500132E42 /* Products */ = {
			isa = PBXGroup;
			children = (
				5B16B2462C05942500132E42 /* SFL3.app */,
			);
			name = Products;
			sourceTree = "<group>";
		};
		5B16B2482C05942500132E42 /* SFL3 */ = {
			isa = PBXGroup;
			children = (
				5B16B2492C05942500132E42 /* SFL3App.swift */,
				5B16B24B2C05942500132E42 /* ContentView.swift */,
				5BAAF4F92C078299008D5017 /* FileWatcher.swift */,
				5B296AE62C08412B009FDCE8 /* Tool.swift */,
				5B296AE42C08401E009FDCE8 /* FilePathsViewModel.swift */,
				5B16B24D2C05942600132E42 /* Assets.xcassets */,
				5B16B2522C05942600132E42 /* Persistence.swift */,
				5B16B25D2C059DF800132E42 /* com.apple.dt.xcode.sfl3 */,
				5B16B2572C05942600132E42 /* SFL3.entitlements */,
				5B16B2542C05942600132E42 /* SFL3.xcdatamodeld */,
				5B16B24F2C05942600132E42 /* Preview Content */,
			);
			path = SFL3;
			sourceTree = "<group>";
		};
		5B16B24F2C05942600132E42 /* Preview Content */ = {
			isa = PBXGroup;
			children = (
				5B16B2502C05942600132E42 /* Preview Assets.xcassets */,
			);
			path = "Preview Content";
			sourceTree = "<group>";
		};
/* End PBXGroup section */

/* Begin PBXNativeTarget section */
		5B16B2452C05942500132E42 /* SFL3 */ = {
			isa = PBXNativeTarget;
			buildConfigurationList = 5B16B25A2C05942600132E42 /* Build configuration list for PBXNativeTarget "SFL3" */;
			buildPhases = (
				5B16B2422C05942500132E42 /* Sources */,
				5B16B2432C05942500132E42 /* Frameworks */,
				5B16B2442C05942500132E42 /* Resources */,
			);
			buildRules = (
			);
			dependencies = (
			);
			name = SFL3;
			productName = SFL3;
			productReference = 5B16B2462C05942500132E42 /* SFL3.app */;
			productType = "com.apple.product-type.application";
		};
/* End PBXNativeTarget section */

/* Begin PBXProject section */
		5B16B23E2C05942500132E42 /* Project object */ = {
			isa = PBXProject;
			attributes = {
				BuildIndependentTargetsInParallel = 1;
				LastSwiftUpdateCheck = 1520;
				LastUpgradeCheck = 1520;
				TargetAttributes = {
					5B16B2452C05942500132E42 = {
						CreatedOnToolsVersion = 15.2;
					};
				};
			};
			buildConfigurationList = 5B16B2412C05942500132E42 /* Build configuration list for PBXProject "SFL3" */;
			compatibilityVersion = "Xcode 14.0";
			developmentRegion = en;
			hasScannedForEncodings = 0;
			knownRegions = (
				en,
				Base,
			);
			mainGroup = 5B16B23D2C05942500132E42;
			productRefGroup = 5B16B2472C05942500132E42 /* Products */;
			projectDirPath = "";
			projectRoot = "";
			targets = (
				5B16B2452C05942500132E42 /* SFL3 */,
			);
		};
/* End PBXProject section */

/* Begin PBXResourcesBuildPhase section */
		5B16B2442C05942500132E42 /* Resources */ = {
			isa = PBXResourcesBuildPhase;
			buildActionMask = 2147483647;
			files = (
				5B16B25E2C059DF800132E42 /* com.apple.dt.xcode.sfl3 in Resources */,
				5B16B2512C05942600132E42 /* Preview Assets.xcassets in Resources */,
				5B16B24E2C05942600132E42 /* Assets.xcassets in Resources */,
			);
			runOnlyForDeploymentPostprocessing = 0;
		};
/* End PBXResourcesBuildPhase section */

/* Begin PBXSourcesBuildPhase section */
		5B16B2422C05942500132E42 /* Sources */ = {
			isa = PBXSourcesBuildPhase;
			buildActionMask = 2147483647;
			files = (
				5B16B2532C05942600132E42 /* Persistence.swift in Sources */,
				5B296AE52C08401E009FDCE8 /* FilePathsViewModel.swift in Sources */,
				5B16B2562C05942600132E42 /* SFL3.xcdatamodeld in Sources */,
				5B296AE72C08412B009FDCE8 /* Tool.swift in Sources */,
				5BAAF4FA2C078299008D5017 /* FileWatcher.swift in Sources */,
				5B16B24C2C05942500132E42 /* ContentView.swift in Sources */,
				5B16B24A2C05942500132E42 /* SFL3App.swift in Sources */,
			);
			runOnlyForDeploymentPostprocessing = 0;
		};
/* End PBXSourcesBuildPhase section */

/* Begin XCBuildConfiguration section */
		5B16B2582C05942600132E42 /* Debug */ = {
			isa = XCBuildConfiguration;
			buildSettings = {
				ALWAYS_SEARCH_USER_PATHS = NO;
				ASSETCATALOG_COMPILER_GENERATE_SWIFT_ASSET_SYMBOL_EXTENSIONS = YES;
				CLANG_ANALYZER_NONNULL = YES;
				CLANG_ANALYZER_NUMBER_OBJECT_CONVERSION = YES_AGGRESSIVE;
				CLANG_CXX_LANGUAGE_STANDARD = "gnu++20";
				CLANG_ENABLE_MODULES = YES;
				CLANG_ENABLE_OBJC_ARC = YES;
				CLANG_ENABLE_OBJC_WEAK = YES;
				CLANG_WARN_BLOCK_CAPTURE_AUTORELEASING = YES;
				CLANG_WARN_BOOL_CONVERSION = YES;
				CLANG_WARN_COMMA = YES;
				CLANG_WARN_CONSTANT_CONVERSION = YES;
				CLANG_WARN_DEPRECATED_OBJC_IMPLEMENTATIONS = YES;
				CLANG_WARN_DIRECT_OBJC_ISA_USAGE = YES_ERROR;
				CLANG_WARN_DOCUMENTATION_COMMENTS = YES;
				CLANG_WARN_EMPTY_BODY = YES;
				CLANG_WARN_ENUM_CONVERSION = YES;
				CLANG_WARN_INFINITE_RECURSION = YES;
				CLANG_WARN_INT_CONVERSION = YES;
				CLANG_WARN_NON_LITERAL_NULL_CONVERSION = YES;
				CLANG_WARN_OBJC_IMPLICIT_RETAIN_SELF = YES;
				CLANG_WARN_OBJC_LITERAL_CONVERSION = YES;
				CLANG_WARN_OBJC_ROOT_CLASS = YES_ERROR;
				CLANG_WARN_QUOTED_INCLUDE_IN_FRAMEWORK_HEADER = YES;
				CLANG_WARN_RANGE_LOOP_ANALYSIS = YES;
				CLANG_WARN_STRICT_PROTOTYPES = YES;
				CLANG_WARN_SUSPICIOUS_MOVE = YES;
				CLANG_WARN_UNGUARDED_AVAILABILITY = YES_AGGRESSIVE;
				CLANG_WARN_UNREACHABLE_CODE = YES;
				CLANG_WARN__DUPLICATE_METHOD_MATCH = YES;
				COPY_PHASE_STRIP = NO;
				DEBUG_INFORMATION_FORMAT = dwarf;
				ENABLE_STRICT_OBJC_MSGSEND = YES;
				ENABLE_TESTABILITY = YES;
				ENABLE_USER_SCRIPT_SANDBOXING = YES;
				GCC_C_LANGUAGE_STANDARD = gnu17;
				GCC_DYNAMIC_NO_PIC = NO;
				GCC_NO_COMMON_BLOCKS = YES;
				GCC_OPTIMIZATION_LEVEL = 0;
				GCC_PREPROCESSOR_DEFINITIONS = (
					"DEBUG=1",
					"$(inherited)",
				);
				GCC_WARN_64_TO_32_BIT_CONVERSION = YES;
				GCC_WARN_ABOUT_RETURN_TYPE = YES_ERROR;
				GCC_WARN_UNDECLARED_SELECTOR = YES;
				GCC_WARN_UNINITIALIZED_AUTOS = YES_AGGRESSIVE;
				GCC_WARN_UNUSED_FUNCTION = YES;
				GCC_WARN_UNUSED_VARIABLE = YES;
				LOCALIZATION_PREFERS_STRING_CATALOGS = YES;
				MACOSX_DEPLOYMENT_TARGET = 14.2;
				MTL_ENABLE_DEBUG_INFO = INCLUDE_SOURCE;
				MTL_FAST_MATH = YES;
				ONLY_ACTIVE_ARCH = YES;
				SDKROOT = macosx;
				SWIFT_ACTIVE_COMPILATION_CONDITIONS = "DEBUG $(inherited)";
				SWIFT_OPTIMIZATION_LEVEL = "-Onone";
			};
			name = Debug;
		};
		5B16B2592C05942600132E42 /* Release */ = {
			isa = XCBuildConfiguration;
			buildSettings = {
				ALWAYS_SEARCH_USER_PATHS = NO;
				ASSETCATALOG_COMPILER_GENERATE_SWIFT_ASSET_SYMBOL_EXTENSIONS = YES;
				CLANG_ANALYZER_NONNULL = YES;
				CLANG_ANALYZER_NUMBER_OBJECT_CONVERSION = YES_AGGRESSIVE;
				CLANG_CXX_LANGUAGE_STANDARD = "gnu++20";
				CLANG_ENABLE_MODULES = YES;
				CLANG_ENABLE_OBJC_ARC = YES;
				CLANG_ENABLE_OBJC_WEAK = YES;
				CLANG_WARN_BLOCK_CAPTURE_AUTORELEASING = YES;
				CLANG_WARN_BOOL_CONVERSION = YES;
				CLANG_WARN_COMMA = YES;
				CLANG_WARN_CONSTANT_CONVERSION = YES;
				CLANG_WARN_DEPRECATED_OBJC_IMPLEMENTATIONS = YES;
				CLANG_WARN_DIRECT_OBJC_ISA_USAGE = YES_ERROR;
				CLANG_WARN_DOCUMENTATION_COMMENTS = YES;
				CLANG_WARN_EMPTY_BODY = YES;
				CLANG_WARN_ENUM_CONVERSION = YES;
				CLANG_WARN_INFINITE_RECURSION = YES;
				CLANG_WARN_INT_CONVERSION = YES;
				CLANG_WARN_NON_LITERAL_NULL_CONVERSION = YES;
				CLANG_WARN_OBJC_IMPLICIT_RETAIN_SELF = YES;
				CLANG_WARN_OBJC_LITERAL_CONVERSION = YES;
				CLANG_WARN_OBJC_ROOT_CLASS = YES_ERROR;
				CLANG_WARN_QUOTED_INCLUDE_IN_FRAMEWORK_HEADER = YES;
				CLANG_WARN_RANGE_LOOP_ANALYSIS = YES;
				CLANG_WARN_STRICT_PROTOTYPES = YES;
				CLANG_WARN_SUSPICIOUS_MOVE = YES;
				CLANG_WARN_UNGUARDED_AVAILABILITY = YES_AGGRESSIVE;
				CLANG_WARN_UNREACHABLE_CODE = YES;
				CLANG_WARN__DUPLICATE_METHOD_MATCH = YES;
				COPY_PHASE_STRIP = NO;
				DEBUG_INFORMATION_FORMAT = "dwarf-with-dsym";
				ENABLE_NS_ASSERTIONS = NO;
				ENABLE_STRICT_OBJC_MSGSEND = YES;
				ENABLE_USER_SCRIPT_SANDBOXING = YES;
				GCC_C_LANGUAGE_STANDARD = gnu17;
				GCC_NO_COMMON_BLOCKS = YES;
				GCC_WARN_64_TO_32_BIT_CONVERSION = YES;
				GCC_WARN_ABOUT_RETURN_TYPE = YES_ERROR;
				GCC_WARN_UNDECLARED_SELECTOR = YES;
				GCC_WARN_UNINITIALIZED_AUTOS = YES_AGGRESSIVE;
				GCC_WARN_UNUSED_FUNCTION = YES;
				GCC_WARN_UNUSED_VARIABLE = YES;
				LOCALIZATION_PREFERS_STRING_CATALOGS = YES;
				MACOSX_DEPLOYMENT_TARGET = 14.2;
				MTL_ENABLE_DEBUG_INFO = NO;
				MTL_FAST_MATH = YES;
				SDKROOT = macosx;
				SWIFT_COMPILATION_MODE = wholemodule;
			};
			name = Release;
		};
		5B16B25B2C05942600132E42 /* Debug */ = {
			isa = XCBuildConfiguration;
			buildSettings = {
				ASSETCATALOG_COMPILER_APPICON_NAME = AppIcon;
				ASSETCATALOG_COMPILER_GLOBAL_ACCENT_COLOR_NAME = AccentColor;
				CODE_SIGN_ENTITLEMENTS = SFL3/SFL3.entitlements;
				CODE_SIGN_STYLE = Automatic;
				COMBINE_HIDPI_IMAGES = YES;
				CURRENT_PROJECT_VERSION = 1;
				DEVELOPMENT_ASSET_PATHS = "\"SFL3/Preview Content\"";
				DEVELOPMENT_TEAM = AJG2826637;
				ENABLE_HARDENED_RUNTIME = YES;
				ENABLE_PREVIEWS = YES;
				GENERATE_INFOPLIST_FILE = YES;
				INFOPLIST_KEY_LSApplicationCategoryType = "public.app-category.developer-tools";
				INFOPLIST_KEY_NSHumanReadableCopyright = "";
				LD_RUNPATH_SEARCH_PATHS = (
					"$(inherited)",
					"@executable_path/../Frameworks",
				);
				MARKETING_VERSION = 1.0;
				PRODUCT_BUNDLE_IDENTIFIER = com.dacaiguoguo.SFL3;
				PRODUCT_NAME = "$(TARGET_NAME)";
				SWIFT_EMIT_LOC_STRINGS = YES;
				SWIFT_VERSION = 5.0;
			};
			name = Debug;
		};
		5B16B25C2C05942600132E42 /* Release */ = {
			isa = XCBuildConfiguration;
			buildSettings = {
				ASSETCATALOG_COMPILER_APPICON_NAME = AppIcon;
				ASSETCATALOG_COMPILER_GLOBAL_ACCENT_COLOR_NAME = AccentColor;
				CODE_SIGN_ENTITLEMENTS = SFL3/SFL3.entitlements;
				CODE_SIGN_STYLE = Automatic;
				COMBINE_HIDPI_IMAGES = YES;
				CURRENT_PROJECT_VERSION = 1;
				DEVELOPMENT_ASSET_PATHS = "\"SFL3/Preview Content\"";
				DEVELOPMENT_TEAM = AJG2826637;
				ENABLE_HARDENED_RUNTIME = YES;
				ENABLE_PREVIEWS = YES;
				GENERATE_INFOPLIST_FILE = YES;
				INFOPLIST_KEY_LSApplicationCategoryType = "public.app-category.developer-tools";
				INFOPLIST_KEY_NSHumanReadableCopyright = "";
				LD_RUNPATH_SEARCH_PATHS = (
					"$(inherited)",
					"@executable_path/../Frameworks",
				);
				MARKETING_VERSION = 1.0;
				PRODUCT_BUNDLE_IDENTIFIER = com.dacaiguoguo.SFL3;
				PRODUCT_NAME = "$(TARGET_NAME)";
				SWIFT_EMIT_LOC_STRINGS = YES;
				SWIFT_VERSION = 5.0;
			};
			name = Release;
		};
/* End XCBuildConfiguration section */

/* Begin XCConfigurationList section */
		5B16B2412C05942500132E42 /* Build configuration list for PBXProject "SFL3" */ = {
			isa = XCConfigurationList;
			buildConfigurations = (
				5B16B2582C05942600132E42 /* Debug */,
				5B16B2592C05942600132E42 /* Release */,
			);
			defaultConfigurationIsVisible = 0;
			defaultConfigurationName = Release;
		};
		5B16B25A2C05942600132E42 /* Build configuration list for PBXNativeTarget "SFL3" */ = {
			isa = XCConfigurationList;
			buildConfigurations = (
				5B16B25B2C05942600132E42 /* Debug */,
				5B16B25C2C05942600132E42 /* Release */,
			);
			defaultConfigurationIsVisible = 0;
			defaultConfigurationName = Release;
		};
/* End XCConfigurationList section */

/* Begin XCVersionGroup section */
		5B16B2542C05942600132E42 /* SFL3.xcdatamodeld */ = {
			isa = XCVersionGroup;
			children = (
				5B16B2552C05942600132E42 /* SFL3.xcdatamodel */,
			);
			currentVersion = 5B16B2552C05942600132E42 /* SFL3.xcdatamodel */;
			path = SFL3.xcdatamodeld;
			sourceTree = "<group>";
			versionGroupType = wrapper.xcdatamodel;
		};
/* End XCVersionGroup section */
	};
	rootObject = 5B16B23E2C05942500132E42 /* Project object */;
}
